
Microsoft Visual Studio Solution File, Format Version 12.00
# Visual Studio Version 17
VisualStudioVersion = 17.11.35312.102
MinimumVisualStudioVersion = 10.0.40219.1
Project("{9A19103F-16F7-4668-BE54-9A1E7A4F7556}") = "Presentation", "Presentation\Presentation.csproj", "{A2E6A546-2182-444B-BAF6-ACE4C24B3E6A}"
EndProject
Project("{9A19103F-16F7-4668-BE54-9A1E7A4F7556}") = "Framwork", "Framwork\Framwork.csproj", "{DEA9394D-F210-4D6B-A312-23829C65B9FB}"
EndProject
Project("{2150E333-8FDC-42A3-9474-1A3956D46DE8}") = "ShopManagement", "ShopManagement", "{81546CDD-BE84-4850-9927-A2644489FB91}"
EndProject
Project("{2150E333-8FDC-42A3-9474-1A3956D46DE8}") = "SM,Application", "SM,Application", "{8D2B0F4C-3F43-44A0-86A7-5A00ADD2559F}"
EndProject
Project("{2150E333-8FDC-42A3-9474-1A3956D46DE8}") = "SM.Domain", "SM.Domain", "{211D7ADA-5F86-4E44-B2F6-A0E6BB63DFB2}"
EndProject
Project("{2150E333-8FDC-42A3-9474-1A3956D46DE8}") = "SM.Infrastructure", "SM.Infrastructure", "{72539CC6-BB95-493B-BB0B-59767E3048BD}"
EndProject
Project("{9A19103F-16F7-4668-BE54-9A1E7A4F7556}") = "ShopManagement.Domain", "ShopManagement.Domain\ShopManagement.Domain.csproj", "{25C198C6-1F91-4660-9EF7-325B7F80B446}"
EndProject
Project("{9A19103F-16F7-4668-BE54-9A1E7A4F7556}") = "ShopManagenment.EFCore", "ShopManagenment.EFCore\ShopManagenment.EFCore.csproj", "{A90069E5-6988-4002-A4CB-0B5A4F8F6942}"
EndProject
Project("{9A19103F-16F7-4668-BE54-9A1E7A4F7556}") = "ShopManagement.Application", "ShopManagement.Application\ShopManagement.Application.csproj", "{526DAF03-25D3-4661-A6A0-E87546839303}"
EndProject
Project("{9A19103F-16F7-4668-BE54-9A1E7A4F7556}") = "ShopManagment.Contracts", "ShopManagment.Contracts\ShopManagment.Contracts.csproj", "{2DCD964C-3BA8-4619-9D23-9E62B8F7C235}"
EndProject
Project("{2150E333-8FDC-42A3-9474-1A3956D46DE8}") = "UserManagement", "UserManagement", "{611D3964-4333-43C6-A7D4-A0DFD09BC65D}"
EndProject
Project("{2150E333-8FDC-42A3-9474-1A3956D46DE8}") = "UM.Application", "UM.Application", "{C10E0F63-C40A-41A2-B90E-07422C4D7F7C}"
EndProject
Project("{2150E333-8FDC-42A3-9474-1A3956D46DE8}") = "UM.Domain", "UM.Domain", "{1F59B8A5-9C55-4558-8C8E-AFA4F2CFBD98}"
EndProject
Project("{2150E333-8FDC-42A3-9474-1A3956D46DE8}") = "UM.Infrastructure", "UM.Infrastructure", "{C3CD3A56-D81E-4EAF-83E9-FD3593C48F35}"
EndProject
Project("{9A19103F-16F7-4668-BE54-9A1E7A4F7556}") = "UserManagement.Domain", "UserManagement.Domain\UserManagement.Domain.csproj", "{95B61FCD-E249-434D-8BBA-7C7780405D35}"
EndProject
Project("{9A19103F-16F7-4668-BE54-9A1E7A4F7556}") = "UserManagement.Application", "UserManagement.Application\UserManagement.Application.csproj", "{21899C37-B866-4DFF-A12D-9D7908495761}"
	ProjectSection(ProjectDependencies) = postProject
		{5FDD3111-D4E2-4232-8D3A-3254AA296919} = {5FDD3111-D4E2-4232-8D3A-3254AA296919}
	EndProjectSection
EndProject
Project("{9A19103F-16F7-4668-BE54-9A1E7A4F7556}") = "UserManagenet.EFCore", "UserManagenet.EFCore\UserManagenet.EFCore.csproj", "{3A1C7E48-E4E6-4CD2-97D8-11D70256A6FE}"
EndProject
Project("{FAE04EC0-301F-11D3-BF4B-00C04F79EFBC}") = "UserMangement.Utility", "UserMangement.Utility\UserMangement.Utility.csproj", "{5FDD3111-D4E2-4232-8D3A-3254AA296919}"
EndProject
Global
	GlobalSection(SolutionConfigurationPlatforms) = preSolution
		Debug|Any CPU = Debug|Any CPU
		Release|Any CPU = Release|Any CPU
	EndGlobalSection
	GlobalSection(ProjectConfigurationPlatforms) = postSolution
		{A2E6A546-2182-444B-BAF6-ACE4C24B3E6A}.Debug|Any CPU.ActiveCfg = Debug|Any CPU
		{A2E6A546-2182-444B-BAF6-ACE4C24B3E6A}.Debug|Any CPU.Build.0 = Debug|Any CPU
		{A2E6A546-2182-444B-BAF6-ACE4C24B3E6A}.Release|Any CPU.ActiveCfg = Release|Any CPU
		{A2E6A546-2182-444B-BAF6-ACE4C24B3E6A}.Release|Any CPU.Build.0 = Release|Any CPU
		{DEA9394D-F210-4D6B-A312-23829C65B9FB}.Debug|Any CPU.ActiveCfg = Debug|Any CPU
		{DEA9394D-F210-4D6B-A312-23829C65B9FB}.Debug|Any CPU.Build.0 = Debug|Any CPU
		{DEA9394D-F210-4D6B-A312-23829C65B9FB}.Release|Any CPU.ActiveCfg = Release|Any CPU
		{DEA9394D-F210-4D6B-A312-23829C65B9FB}.Release|Any CPU.Build.0 = Release|Any CPU
		{25C198C6-1F91-4660-9EF7-325B7F80B446}.Debug|Any CPU.ActiveCfg = Debug|Any CPU
		{25C198C6-1F91-4660-9EF7-325B7F80B446}.Debug|Any CPU.Build.0 = Debug|Any CPU
		{25C198C6-1F91-4660-9EF7-325B7F80B446}.Release|Any CPU.ActiveCfg = Release|Any CPU
		{25C198C6-1F91-4660-9EF7-325B7F80B446}.Release|Any CPU.Build.0 = Release|Any CPU
		{A90069E5-6988-4002-A4CB-0B5A4F8F6942}.Debug|Any CPU.ActiveCfg = Debug|Any CPU
		{A90069E5-6988-4002-A4CB-0B5A4F8F6942}.Debug|Any CPU.Build.0 = Debug|Any CPU
		{A90069E5-6988-4002-A4CB-0B5A4F8F6942}.Release|Any CPU.ActiveCfg = Release|Any CPU
		{A90069E5-6988-4002-A4CB-0B5A4F8F6942}.Release|Any CPU.Build.0 = Release|Any CPU
		{526DAF03-25D3-4661-A6A0-E87546839303}.Debug|Any CPU.ActiveCfg = Debug|Any CPU
		{526DAF03-25D3-4661-A6A0-E87546839303}.Debug|Any CPU.Build.0 = Debug|Any CPU
		{526DAF03-25D3-4661-A6A0-E87546839303}.Release|Any CPU.ActiveCfg = Release|Any CPU
		{526DAF03-25D3-4661-A6A0-E87546839303}.Release|Any CPU.Build.0 = Release|Any CPU
		{2DCD964C-3BA8-4619-9D23-9E62B8F7C235}.Debug|Any CPU.ActiveCfg = Debug|Any CPU
		{2DCD964C-3BA8-4619-9D23-9E62B8F7C235}.Debug|Any CPU.Build.0 = Debug|Any CPU
		{2DCD964C-3BA8-4619-9D23-9E62B8F7C235}.Release|Any CPU.ActiveCfg = Release|Any CPU
		{2DCD964C-3BA8-4619-9D23-9E62B8F7C235}.Release|Any CPU.Build.0 = Release|Any CPU
		{95B61FCD-E249-434D-8BBA-7C7780405D35}.Debug|Any CPU.ActiveCfg = Debug|Any CPU
		{95B61FCD-E249-434D-8BBA-7C7780405D35}.Debug|Any CPU.Build.0 = Debug|Any CPU
		{95B61FCD-E249-434D-8BBA-7C7780405D35}.Release|Any CPU.ActiveCfg = Release|Any CPU
		{95B61FCD-E249-434D-8BBA-7C7780405D35}.Release|Any CPU.Build.0 = Release|Any CPU
		{21899C37-B866-4DFF-A12D-9D7908495761}.Debug|Any CPU.ActiveCfg = Debug|Any CPU
		{21899C37-B866-4DFF-A12D-9D7908495761}.Debug|Any CPU.Build.0 = Debug|Any CPU
		{21899C37-B866-4DFF-A12D-9D7908495761}.Release|Any CPU.ActiveCfg = Release|Any CPU
		{21899C37-B866-4DFF-A12D-9D7908495761}.Release|Any CPU.Build.0 = Release|Any CPU
		{3A1C7E48-E4E6-4CD2-97D8-11D70256A6FE}.Debug|Any CPU.ActiveCfg = Debug|Any CPU
		{3A1C7E48-E4E6-4CD2-97D8-11D70256A6FE}.Debug|Any CPU.Build.0 = Debug|Any CPU
		{3A1C7E48-E4E6-4CD2-97D8-11D70256A6FE}.Release|Any CPU.ActiveCfg = Release|Any CPU
		{3A1C7E48-E4E6-4CD2-97D8-11D70256A6FE}.Release|Any CPU.Build.0 = Release|Any CPU
		{5FDD3111-D4E2-4232-8D3A-3254AA296919}.Debug|Any CPU.ActiveCfg = Debug|Any CPU
		{5FDD3111-D4E2-4232-8D3A-3254AA296919}.Debug|Any CPU.Build.0 = Debug|Any CPU
		{5FDD3111-D4E2-4232-8D3A-3254AA296919}.Release|Any CPU.ActiveCfg = Release|Any CPU
		{5FDD3111-D4E2-4232-8D3A-3254AA296919}.Release|Any CPU.Build.0 = Release|Any CPU
	EndGlobalSection
	GlobalSection(SolutionProperties) = preSolution
		HideSolutionNode = FALSE
	EndGlobalSection
	GlobalSection(NestedProjects) = preSolution
		{8D2B0F4C-3F43-44A0-86A7-5A00ADD2559F} = {81546CDD-BE84-4850-9927-A2644489FB91}
		{211D7ADA-5F86-4E44-B2F6-A0E6BB63DFB2} = {81546CDD-BE84-4850-9927-A2644489FB91}
		{72539CC6-BB95-493B-BB0B-59767E3048BD} = {81546CDD-BE84-4850-9927-A2644489FB91}
		{25C198C6-1F91-4660-9EF7-325B7F80B446} = {211D7ADA-5F86-4E44-B2F6-A0E6BB63DFB2}
		{A90069E5-6988-4002-A4CB-0B5A4F8F6942} = {72539CC6-BB95-493B-BB0B-59767E3048BD}
		{526DAF03-25D3-4661-A6A0-E87546839303} = {8D2B0F4C-3F43-44A0-86A7-5A00ADD2559F}
		{2DCD964C-3BA8-4619-9D23-9E62B8F7C235} = {8D2B0F4C-3F43-44A0-86A7-5A00ADD2559F}
		{C10E0F63-C40A-41A2-B90E-07422C4D7F7C} = {611D3964-4333-43C6-A7D4-A0DFD09BC65D}
		{1F59B8A5-9C55-4558-8C8E-AFA4F2CFBD98} = {611D3964-4333-43C6-A7D4-A0DFD09BC65D}
		{C3CD3A56-D81E-4EAF-83E9-FD3593C48F35} = {611D3964-4333-43C6-A7D4-A0DFD09BC65D}
		{95B61FCD-E249-434D-8BBA-7C7780405D35} = {1F59B8A5-9C55-4558-8C8E-AFA4F2CFBD98}
		{21899C37-B866-4DFF-A12D-9D7908495761} = {C10E0F63-C40A-41A2-B90E-07422C4D7F7C}
		{3A1C7E48-E4E6-4CD2-97D8-11D70256A6FE} = {C3CD3A56-D81E-4EAF-83E9-FD3593C48F35}
		{5FDD3111-D4E2-4232-8D3A-3254AA296919} = {C3CD3A56-D81E-4EAF-83E9-FD3593C48F35}
	EndGlobalSection
	GlobalSection(ExtensibilityGlobals) = postSolution
		SolutionGuid = {755C6CF8-58D2-49E6-9AD3-18E99757FA7F}
	EndGlobalSection
EndGlobal
